
Microsoft Visual Studio Solution File, Format Version 12.00
# Visual Studio 15
VisualStudioVersion = 15.0.27421.1
MinimumVisualStudioVersion = 10.0.40219.1
Project("{9A19103F-16F7-4668-BE54-9A1E7A4F7556}") = "Core.Lib.Reactive", "Core.Lib.Reactive\Core.Lib.Reactive.csproj", "{43A247E0-D692-43F4-8772-E4744A13420F}"
EndProject
Project("{9A19103F-16F7-4668-BE54-9A1E7A4F7556}") = "Core.Lib.Reactive.Tests", "Core.Lib.Reactive.Tests\Core.Lib.Reactive.Tests.csproj", "{39F50ADF-437D-4A2B-80E0-8EDC2963AB7A}"
EndProject
Project("{2150E333-8FDC-42A3-9474-1A3956D46DE8}") = "global", "global", "{8F1D2687-477E-439D-B7A1-063022E9D212}"
	ProjectSection(SolutionItems) = preProject
		Directory.Build.props = Directory.Build.props
		ReadMe.md = ReadMe.md
	EndProjectSection
EndProject
Global
	GlobalSection(SolutionConfigurationPlatforms) = preSolution
		Debug|Any CPU = Debug|Any CPU
		Release|Any CPU = Release|Any CPU
	EndGlobalSection
	GlobalSection(ProjectConfigurationPlatforms) = postSolution
		{43A247E0-D692-43F4-8772-E4744A13420F}.Debug|Any CPU.ActiveCfg = Debug|Any CPU
		{43A247E0-D692-43F4-8772-E4744A13420F}.Debug|Any CPU.Build.0 = Debug|Any CPU
		{43A247E0-D692-43F4-8772-E4744A13420F}.Release|Any CPU.ActiveCfg = Release|Any CPU
		{43A247E0-D692-43F4-8772-E4744A13420F}.Release|Any CPU.Build.0 = Release|Any CPU
		{39F50ADF-437D-4A2B-80E0-8EDC2963AB7A}.Debug|Any CPU.ActiveCfg = Debug|Any CPU
		{39F50ADF-437D-4A2B-80E0-8EDC2963AB7A}.Debug|Any CPU.Build.0 = Debug|Any CPU
		{39F50ADF-437D-4A2B-80E0-8EDC2963AB7A}.Release|Any CPU.ActiveCfg = Release|Any CPU
		{39F50ADF-437D-4A2B-80E0-8EDC2963AB7A}.Release|Any CPU.Build.0 = Release|Any CPU
	EndGlobalSection
	GlobalSection(SolutionProperties) = preSolution
		HideSolutionNode = FALSE
	EndGlobalSection
	GlobalSection(ExtensibilityGlobals) = postSolution
		SolutionGuid = {4CC98B0E-BE96-499D-9D8C-CCB671479FB5}
	EndGlobalSection
EndGlobal
